
Microsoft Visual Studio Solution File, Format Version 12.00
# Visual Studio Version 16
VisualStudioVersion = 16.0.32901.82
MinimumVisualStudioVersion = 10.0.40219.1
Project("{FAE04EC0-301F-11D3-BF4B-00C04F79EFBC}") = "MaisLivros.UI.Web", "MaisLivros.UI.Web\MaisLivros.UI.Web.csproj", "{8CA38291-87CC-4BD3-8D58-A1066DD7448A}"
EndProject
Project("{FAE04EC0-301F-11D3-BF4B-00C04F79EFBC}") = "MaisLivros.Models", "MaisLivros.Models\MaisLivros.Models.csproj", "{EE3E3B3D-9040-4F26-BEA5-24EAF2B8D5AE}"
EndProject
Project("{FAE04EC0-301F-11D3-BF4B-00C04F79EFBC}") = "MaisLivros.Repository", "MaisLivros.Repository\MaisLivros.Repository.csproj", "{02D8D6F4-A665-4203-AFEC-F7F063390D22}"
EndProject
Global
	GlobalSection(SolutionConfigurationPlatforms) = preSolution
		Debug|Any CPU = Debug|Any CPU
		Release|Any CPU = Release|Any CPU
	EndGlobalSection
	GlobalSection(ProjectConfigurationPlatforms) = postSolution
		{8CA38291-87CC-4BD3-8D58-A1066DD7448A}.Debug|Any CPU.ActiveCfg = Debug|Any CPU
		{8CA38291-87CC-4BD3-8D58-A1066DD7448A}.Debug|Any CPU.Build.0 = Debug|Any CPU
		{8CA38291-87CC-4BD3-8D58-A1066DD7448A}.Release|Any CPU.ActiveCfg = Release|Any CPU
		{8CA38291-87CC-4BD3-8D58-A1066DD7448A}.Release|Any CPU.Build.0 = Release|Any CPU
		{EE3E3B3D-9040-4F26-BEA5-24EAF2B8D5AE}.Debug|Any CPU.ActiveCfg = Debug|Any CPU
		{EE3E3B3D-9040-4F26-BEA5-24EAF2B8D5AE}.Debug|Any CPU.Build.0 = Debug|Any CPU
		{EE3E3B3D-9040-4F26-BEA5-24EAF2B8D5AE}.Release|Any CPU.ActiveCfg = Release|Any CPU
		{EE3E3B3D-9040-4F26-BEA5-24EAF2B8D5AE}.Release|Any CPU.Build.0 = Release|Any CPU
		{02D8D6F4-A665-4203-AFEC-F7F063390D22}.Debug|Any CPU.ActiveCfg = Debug|Any CPU
		{02D8D6F4-A665-4203-AFEC-F7F063390D22}.Debug|Any CPU.Build.0 = Debug|Any CPU
		{02D8D6F4-A665-4203-AFEC-F7F063390D22}.Release|Any CPU.ActiveCfg = Release|Any CPU
		{02D8D6F4-A665-4203-AFEC-F7F063390D22}.Release|Any CPU.Build.0 = Release|Any CPU
	EndGlobalSection
	GlobalSection(SolutionProperties) = preSolution
		HideSolutionNode = FALSE
	EndGlobalSection
	GlobalSection(ExtensibilityGlobals) = postSolution
		SolutionGuid = {C7A831FD-626F-4AF8-85BD-6080CA71E8DB}
	EndGlobalSection
EndGlobal
